
Microsoft Visual Studio Solution File, Format Version 12.00
# Visual Studio Version 17
VisualStudioVersion = 17.3.32811.315
MinimumVisualStudioVersion = 10.0.40219.1
Project("{FAE04EC0-301F-11D3-BF4B-00C04F79EFBC}") = "KW40_HalloWelt", "KW40_HalloWelt\KW40_HalloWelt.csproj", "{CBDA464A-B4B7-40C1-B304-7EE3677E651C}"
EndProject
Global
	GlobalSection(SolutionConfigurationPlatforms) = preSolution
		Debug|Any CPU = Debug|Any CPU
		Release|Any CPU = Release|Any CPU
	EndGlobalSection
	GlobalSection(ProjectConfigurationPlatforms) = postSolution
		{CBDA464A-B4B7-40C1-B304-7EE3677E651C}.Debug|Any CPU.ActiveCfg = Debug|Any CPU
		{CBDA464A-B4B7-40C1-B304-7EE3677E651C}.Debug|Any CPU.Build.0 = Debug|Any CPU
		{CBDA464A-B4B7-40C1-B304-7EE3677E651C}.Release|Any CPU.ActiveCfg = Release|Any CPU
		{CBDA464A-B4B7-40C1-B304-7EE3677E651C}.Release|Any CPU.Build.0 = Release|Any CPU
	EndGlobalSection
	GlobalSection(SolutionProperties) = preSolution
		HideSolutionNode = FALSE
	EndGlobalSection
	GlobalSection(ExtensibilityGlobals) = postSolution
		SolutionGuid = {8B3BA7DF-246F-41E3-BD4D-1511F3EBF047}
	EndGlobalSection
EndGlobal
