
Microsoft Visual Studio Solution File, Format Version 12.00
# Visual Studio Version 17
VisualStudioVersion = 17.3.32811.315
MinimumVisualStudioVersion = 10.0.40219.1
Project("{FAE04EC0-301F-11D3-BF4B-00C04F79EFBC}") = "KW48_IO", "KW48_IO\KW48_IO.csproj", "{896C7577-D3C4-43B8-BD8F-C7327BFD8D4B}"
EndProject
Project("{FAE04EC0-301F-11D3-BF4B-00C04F79EFBC}") = "KW47_Berechnungen", "..\KW47_Berechnungen\KW47_Berechnungen\KW47_Berechnungen.csproj", "{5DB7A131-58A9-45D9-A18B-8494B170D75F}"
EndProject
Project("{FAE04EC0-301F-11D3-BF4B-00C04F79EFBC}") = "Personen", "Personen\Personen.csproj", "{FD0E6BE3-CE5E-4936-93C1-CBF481E9EB6D}"
EndProject
Project("{FAE04EC0-301F-11D3-BF4B-00C04F79EFBC}") = "Ertrag", "Ertrag\Ertrag.csproj", "{8BE9CC38-7DFC-4AB2-85F2-C8D37374B590}"
EndProject
Global
	GlobalSection(SolutionConfigurationPlatforms) = preSolution
		Debug|Any CPU = Debug|Any CPU
		Release|Any CPU = Release|Any CPU
	EndGlobalSection
	GlobalSection(ProjectConfigurationPlatforms) = postSolution
		{896C7577-D3C4-43B8-BD8F-C7327BFD8D4B}.Debug|Any CPU.ActiveCfg = Debug|Any CPU
		{896C7577-D3C4-43B8-BD8F-C7327BFD8D4B}.Debug|Any CPU.Build.0 = Debug|Any CPU
		{896C7577-D3C4-43B8-BD8F-C7327BFD8D4B}.Release|Any CPU.ActiveCfg = Release|Any CPU
		{896C7577-D3C4-43B8-BD8F-C7327BFD8D4B}.Release|Any CPU.Build.0 = Release|Any CPU
		{5DB7A131-58A9-45D9-A18B-8494B170D75F}.Debug|Any CPU.ActiveCfg = Debug|Any CPU
		{5DB7A131-58A9-45D9-A18B-8494B170D75F}.Debug|Any CPU.Build.0 = Debug|Any CPU
		{5DB7A131-58A9-45D9-A18B-8494B170D75F}.Release|Any CPU.ActiveCfg = Release|Any CPU
		{5DB7A131-58A9-45D9-A18B-8494B170D75F}.Release|Any CPU.Build.0 = Release|Any CPU
		{FD0E6BE3-CE5E-4936-93C1-CBF481E9EB6D}.Debug|Any CPU.ActiveCfg = Debug|Any CPU
		{FD0E6BE3-CE5E-4936-93C1-CBF481E9EB6D}.Debug|Any CPU.Build.0 = Debug|Any CPU
		{FD0E6BE3-CE5E-4936-93C1-CBF481E9EB6D}.Release|Any CPU.ActiveCfg = Release|Any CPU
		{FD0E6BE3-CE5E-4936-93C1-CBF481E9EB6D}.Release|Any CPU.Build.0 = Release|Any CPU
		{8BE9CC38-7DFC-4AB2-85F2-C8D37374B590}.Debug|Any CPU.ActiveCfg = Debug|Any CPU
		{8BE9CC38-7DFC-4AB2-85F2-C8D37374B590}.Debug|Any CPU.Build.0 = Debug|Any CPU
		{8BE9CC38-7DFC-4AB2-85F2-C8D37374B590}.Release|Any CPU.ActiveCfg = Release|Any CPU
		{8BE9CC38-7DFC-4AB2-85F2-C8D37374B590}.Release|Any CPU.Build.0 = Release|Any CPU
	EndGlobalSection
	GlobalSection(SolutionProperties) = preSolution
		HideSolutionNode = FALSE
	EndGlobalSection
	GlobalSection(ExtensibilityGlobals) = postSolution
		SolutionGuid = {94A471E0-D846-48E3-B45B-1F4CDD9EEFF4}
	EndGlobalSection
EndGlobal
