
Microsoft Visual Studio Solution File, Format Version 12.00
# Visual Studio Version 17
VisualStudioVersion = 17.3.32811.315
MinimumVisualStudioVersion = 10.0.40219.1
Project("{FAE04EC0-301F-11D3-BF4B-00C04F79EFBC}") = "KW42_Ausgabe_Ertrag", "KW42_Ausgabe_Ertrag\KW42_Ausgabe_Ertrag.csproj", "{5C676374-7830-4544-A505-278206ACBFB6}"
EndProject
Global
	GlobalSection(SolutionConfigurationPlatforms) = preSolution
		Debug|Any CPU = Debug|Any CPU
		Release|Any CPU = Release|Any CPU
	EndGlobalSection
	GlobalSection(ProjectConfigurationPlatforms) = postSolution
		{5C676374-7830-4544-A505-278206ACBFB6}.Debug|Any CPU.ActiveCfg = Debug|Any CPU
		{5C676374-7830-4544-A505-278206ACBFB6}.Debug|Any CPU.Build.0 = Debug|Any CPU
		{5C676374-7830-4544-A505-278206ACBFB6}.Release|Any CPU.ActiveCfg = Release|Any CPU
		{5C676374-7830-4544-A505-278206ACBFB6}.Release|Any CPU.Build.0 = Release|Any CPU
	EndGlobalSection
	GlobalSection(SolutionProperties) = preSolution
		HideSolutionNode = FALSE
	EndGlobalSection
	GlobalSection(ExtensibilityGlobals) = postSolution
		SolutionGuid = {19603C8D-FE6A-4F03-BA0A-0122B135FE7F}
	EndGlobalSection
EndGlobal
