
Microsoft Visual Studio Solution File, Format Version 12.00
# Visual Studio Version 17
VisualStudioVersion = 17.3.32811.315
MinimumVisualStudioVersion = 10.0.40219.1
Project("{FAE04EC0-301F-11D3-BF4B-00C04F79EFBC}") = "notenrechner", "notenrechner\notenrechner.csproj", "{05CA58E2-A344-4AA4-B5EC-E42AF25AF272}"
EndProject
Global
	GlobalSection(SolutionConfigurationPlatforms) = preSolution
		Debug|Any CPU = Debug|Any CPU
		Release|Any CPU = Release|Any CPU
	EndGlobalSection
	GlobalSection(ProjectConfigurationPlatforms) = postSolution
		{05CA58E2-A344-4AA4-B5EC-E42AF25AF272}.Debug|Any CPU.ActiveCfg = Debug|Any CPU
		{05CA58E2-A344-4AA4-B5EC-E42AF25AF272}.Debug|Any CPU.Build.0 = Debug|Any CPU
		{05CA58E2-A344-4AA4-B5EC-E42AF25AF272}.Release|Any CPU.ActiveCfg = Release|Any CPU
		{05CA58E2-A344-4AA4-B5EC-E42AF25AF272}.Release|Any CPU.Build.0 = Release|Any CPU
	EndGlobalSection
	GlobalSection(SolutionProperties) = preSolution
		HideSolutionNode = FALSE
	EndGlobalSection
	GlobalSection(ExtensibilityGlobals) = postSolution
		SolutionGuid = {97661658-2A67-4908-91C2-97B692050781}
	EndGlobalSection
EndGlobal
